// !$*UTF8*$!
{
	archiveVersion = 1;
	classes = {
	};
	objectVersion = 50;
	objects = {

/* Begin PBXBuildFile section */
		FE4F24E025FBA24500C38F59 /* AppDelegate.swift in Sources */ = {isa = PBXBuildFile; fileRef = FE4F24DF25FBA24500C38F59 /* AppDelegate.swift */; };
		FE4F24E225FBA24500C38F59 /* SceneDelegate.swift in Sources */ = {isa = PBXBuildFile; fileRef = FE4F24E125FBA24500C38F59 /* SceneDelegate.swift */; };
		FE4F24E425FBA24500C38F59 /* ViewController.swift in Sources */ = {isa = PBXBuildFile; fileRef = FE4F24E325FBA24500C38F59 /* ViewController.swift */; };
		FE4F24E725FBA24500C38F59 /* Main.storyboard in Resources */ = {isa = PBXBuildFile; fileRef = FE4F24E525FBA24500C38F59 /* Main.storyboard */; };
		FE4F24E925FBA24600C38F59 /* Assets.xcassets in Resources */ = {isa = PBXBuildFile; fileRef = FE4F24E825FBA24600C38F59 /* Assets.xcassets */; };
		FE4F24EC25FBA24600C38F59 /* LaunchScreen.storyboard in Resources */ = {isa = PBXBuildFile; fileRef = FE4F24EA25FBA24600C38F59 /* LaunchScreen.storyboard */; };
		FE4F24F825FBA72D00C38F59 /* CustomCell.swift in Sources */ = {isa = PBXBuildFile; fileRef = FE4F24F725FBA72D00C38F59 /* CustomCell.swift */; };
		FE4F24FB25FBAA1400C38F59 /* EditAlarmViewController.swift in Sources */ = {isa = PBXBuildFile; fileRef = FE4F24FA25FBAA1400C38F59 /* EditAlarmViewController.swift */; };
		FE4F24FF25FBBABB00C38F59 /* Alarm.swift in Sources */ = {isa = PBXBuildFile; fileRef = FE4F24FE25FBBABB00C38F59 /* Alarm.swift */; };
		FE4F250225FBCA9200C38F59 /* NewAlarmViewController.swift in Sources */ = {isa = PBXBuildFile; fileRef = FE4F250125FBCA9200C38F59 /* NewAlarmViewController.swift */; };
/* End PBXBuildFile section */

/* Begin PBXFileReference section */
		FE4F24DC25FBA24500C38F59 /* MidTerm.app */ = {isa = PBXFileReference; explicitFileType = wrapper.application; includeInIndex = 0; path = MidTerm.app; sourceTree = BUILT_PRODUCTS_DIR; };
		FE4F24DF25FBA24500C38F59 /* AppDelegate.swift */ = {isa = PBXFileReference; lastKnownFileType = sourcecode.swift; path = AppDelegate.swift; sourceTree = "<group>"; };
		FE4F24E125FBA24500C38F59 /* SceneDelegate.swift */ = {isa = PBXFileReference; lastKnownFileType = sourcecode.swift; path = SceneDelegate.swift; sourceTree = "<group>"; };
		FE4F24E325FBA24500C38F59 /* ViewController.swift */ = {isa = PBXFileReference; lastKnownFileType = sourcecode.swift; path = ViewController.swift; sourceTree = "<group>"; };
		FE4F24E625FBA24500C38F59 /* Base */ = {isa = PBXFileReference; lastKnownFileType = file.storyboard; name = Base; path = Base.lproj/Main.storyboard; sourceTree = "<group>"; };
		FE4F24E825FBA24600C38F59 /* Assets.xcassets */ = {isa = PBXFileReference; lastKnownFileType = folder.assetcatalog; path = Assets.xcassets; sourceTree = "<group>"; };
		FE4F24EB25FBA24600C38F59 /* Base */ = {isa = PBXFileReference; lastKnownFileType = file.storyboard; name = Base; path = Base.lproj/LaunchScreen.storyboard; sourceTree = "<group>"; };
		FE4F24ED25FBA24600C38F59 /* Info.plist */ = {isa = PBXFileReference; lastKnownFileType = text.plist.xml; path = Info.plist; sourceTree = "<group>"; };
		FE4F24F725FBA72D00C38F59 /* CustomCell.swift */ = {isa = PBXFileReference; lastKnownFileType = sourcecode.swift; path = CustomCell.swift; sourceTree = "<group>"; };
		FE4F24FA25FBAA1400C38F59 /* EditAlarmViewController.swift */ = {isa = PBXFileReference; lastKnownFileType = sourcecode.swift; path = EditAlarmViewController.swift; sourceTree = "<group>"; };
		FE4F24FE25FBBABB00C38F59 /* Alarm.swift */ = {isa = PBXFileReference; lastKnownFileType = sourcecode.swift; path = Alarm.swift; sourceTree = "<group>"; };
		FE4F250125FBCA9200C38F59 /* NewAlarmViewController.swift */ = {isa = PBXFileReference; lastKnownFileType = sourcecode.swift; path = NewAlarmViewController.swift; sourceTree = "<group>"; };
/* End PBXFileReference section */

/* Begin PBXFrameworksBuildPhase section */
		FE4F24D925FBA24500C38F59 /* Frameworks */ = {
			isa = PBXFrameworksBuildPhase;
			buildActionMask = 2147483647;
			files = (
			);
			runOnlyForDeploymentPostprocessing = 0;
		};
/* End PBXFrameworksBuildPhase section */

/* Begin PBXGroup section */
		FE4F24D325FBA24500C38F59 = {
			isa = PBXGroup;
			children = (
				FE4F24DE25FBA24500C38F59 /* MidTerm */,
				FE4F24DD25FBA24500C38F59 /* Products */,
			);
			sourceTree = "<group>";
		};
		FE4F24DD25FBA24500C38F59 /* Products */ = {
			isa = PBXGroup;
			children = (
				FE4F24DC25FBA24500C38F59 /* MidTerm.app */,
			);
			name = Products;
			sourceTree = "<group>";
		};
		FE4F24DE25FBA24500C38F59 /* MidTerm */ = {
			isa = PBXGroup;
			children = (
				FE4F24DF25FBA24500C38F59 /* AppDelegate.swift */,
				FE4F24E125FBA24500C38F59 /* SceneDelegate.swift */,
				FE4F24E325FBA24500C38F59 /* ViewController.swift */,
				FE4F24E525FBA24500C38F59 /* Main.storyboard */,
				FE4F24E825FBA24600C38F59 /* Assets.xcassets */,
				FE4F24EA25FBA24600C38F59 /* LaunchScreen.storyboard */,
				FE4F24ED25FBA24600C38F59 /* Info.plist */,
				FE4F24F725FBA72D00C38F59 /* CustomCell.swift */,
				FE4F24FA25FBAA1400C38F59 /* EditAlarmViewController.swift */,
				FE4F24FE25FBBABB00C38F59 /* Alarm.swift */,
				FE4F250125FBCA9200C38F59 /* NewAlarmViewController.swift */,
			);
			path = MidTerm;
			sourceTree = "<group>";
		};
/* End PBXGroup section */

/* Begin PBXNativeTarget section */
		FE4F24DB25FBA24500C38F59 /* MidTerm */ = {
			isa = PBXNativeTarget;
			buildConfigurationList = FE4F24F025FBA24600C38F59 /* Build configuration list for PBXNativeTarget "MidTerm" */;
			buildPhases = (
				FE4F24D825FBA24500C38F59 /* Sources */,
				FE4F24D925FBA24500C38F59 /* Frameworks */,
				FE4F24DA25FBA24500C38F59 /* Resources */,
			);
			buildRules = (
			);
			dependencies = (
			);
			name = MidTerm;
			productName = MidTerm;
			productReference = FE4F24DC25FBA24500C38F59 /* MidTerm.app */;
			productType = "com.apple.product-type.application";
		};
/* End PBXNativeTarget section */

/* Begin PBXProject section */
		FE4F24D425FBA24500C38F59 /* Project object */ = {
			isa = PBXProject;
			attributes = {
				LastSwiftUpdateCheck = 1240;
				LastUpgradeCheck = 1240;
				TargetAttributes = {
					FE4F24DB25FBA24500C38F59 = {
						CreatedOnToolsVersion = 12.4;
					};
				};
			};
			buildConfigurationList = FE4F24D725FBA24500C38F59 /* Build configuration list for PBXProject "MidTerm" */;
			compatibilityVersion = "Xcode 9.3";
			developmentRegion = en;
			hasScannedForEncodings = 0;
			knownRegions = (
				en,
				Base,
			);
			mainGroup = FE4F24D325FBA24500C38F59;
			productRefGroup = FE4F24DD25FBA24500C38F59 /* Products */;
			projectDirPath = "";
			projectRoot = "";
			targets = (
				FE4F24DB25FBA24500C38F59 /* MidTerm */,
			);
		};
/* End PBXProject section */

/* Begin PBXResourcesBuildPhase section */
		FE4F24DA25FBA24500C38F59 /* Resources */ = {
			isa = PBXResourcesBuildPhase;
			buildActionMask = 2147483647;
			files = (
				FE4F24EC25FBA24600C38F59 /* LaunchScreen.storyboard in Resources */,
				FE4F24E925FBA24600C38F59 /* Assets.xcassets in Resources */,
				FE4F24E725FBA24500C38F59 /* Main.storyboard in Resources */,
			);
			runOnlyForDeploymentPostprocessing = 0;
		};
/* End PBXResourcesBuildPhase section */

/* Begin PBXSourcesBuildPhase section */
		FE4F24D825FBA24500C38F59 /* Sources */ = {
			isa = PBXSourcesBuildPhase;
			buildActionMask = 2147483647;
			files = (
				FE4F24E425FBA24500C38F59 /* ViewController.swift in Sources */,
				FE4F24E025FBA24500C38F59 /* AppDelegate.swift in Sources */,
				FE4F250225FBCA9200C38F59 /* NewAlarmViewController.swift in Sources */,
				FE4F24F825FBA72D00C38F59 /* CustomCell.swift in Sources */,
				FE4F24FB25FBAA1400C38F59 /* EditAlarmViewController.swift in Sources */,
				FE4F24E225FBA24500C38F59 /* SceneDelegate.swift in Sources */,
				FE4F24FF25FBBABB00C38F59 /* Alarm.swift in Sources */,
			);
			runOnlyForDeploymentPostprocessing = 0;
		};
/* End PBXSourcesBuildPhase section */

/* Begin PBXVariantGroup section */
		FE4F24E525FBA24500C38F59 /* Main.storyboard */ = {
			isa = PBXVariantGroup;
			children = (
				FE4F24E625FBA24500C38F59 /* Base */,
			);
			name = Main.storyboard;
			sourceTree = "<group>";
		};
		FE4F24EA25FBA24600C38F59 /* LaunchScreen.storyboard */ = {
			isa = PBXVariantGroup;
			children = (
				FE4F24EB25FBA24600C38F59 /* Base */,
			);
			name = LaunchScreen.storyboard;
			sourceTree = "<group>";
		};
/* End PBXVariantGroup section */

/* Begin XCBuildConfiguration section */
		FE4F24EE25FBA24600C38F59 /* Debug */ = {
			isa = XCBuildConfiguration;
			buildSettings = {
				ALWAYS_SEARCH_USER_PATHS = NO;
				CLANG_ANALYZER_NONNULL = YES;
				CLANG_ANALYZER_NUMBER_OBJECT_CONVERSION = YES_AGGRESSIVE;
				CLANG_CXX_LANGUAGE_STANDARD = "gnu++14";
				CLANG_CXX_LIBRARY = "libc++";
				CLANG_ENABLE_MODULES = YES;
				CLANG_ENABLE_OBJC_ARC = YES;
				CLANG_ENABLE_OBJC_WEAK = YES;
				CLANG_WARN_BLOCK_CAPTURE_AUTORELEASING = YES;
				CLANG_WARN_BOOL_CONVERSION = YES;
				CLANG_WARN_COMMA = YES;
				CLANG_WARN_CONSTANT_CONVERSION = YES;
				CLANG_WARN_DEPRECATED_OBJC_IMPLEMENTATIONS = YES;
				CLANG_WARN_DIRECT_OBJC_ISA_USAGE = YES_ERROR;
				CLANG_WARN_DOCUMENTATION_COMMENTS = YES;
				CLANG_WARN_EMPTY_BODY = YES;
				CLANG_WARN_ENUM_CONVERSION = YES;
				CLANG_WARN_INFINITE_RECURSION = YES;
				CLANG_WARN_INT_CONVERSION = YES;
				CLANG_WARN_NON_LITERAL_NULL_CONVERSION = YES;
				CLANG_WARN_OBJC_IMPLICIT_RETAIN_SELF = YES;
				CLANG_WARN_OBJC_LITERAL_CONVERSION = YES;
				CLANG_WARN_OBJC_ROOT_CLASS = YES_ERROR;
				CLANG_WARN_QUOTED_INCLUDE_IN_FRAMEWORK_HEADER = YES;
				CLANG_WARN_RANGE_LOOP_ANALYSIS = YES;
				CLANG_WARN_STRICT_PROTOTYPES = YES;
				CLANG_WARN_SUSPICIOUS_MOVE = YES;
				CLANG_WARN_UNGUARDED_AVAILABILITY = YES_AGGRESSIVE;
				CLANG_WARN_UNREACHABLE_CODE = YES;
				CLANG_WARN__DUPLICATE_METHOD_MATCH = YES;
				COPY_PHASE_STRIP = NO;
				DEBUG_INFORMATION_FORMAT = dwarf;
				ENABLE_STRICT_OBJC_MSGSEND = YES;
				ENABLE_TESTABILITY = YES;
				GCC_C_LANGUAGE_STANDARD = gnu11;
				GCC_DYNAMIC_NO_PIC = NO;
				GCC_NO_COMMON_BLOCKS = YES;
				GCC_OPTIMIZATION_LEVEL = 0;
				GCC_PREPROCESSOR_DEFINITIONS = (
					"DEBUG=1",
					"$(inherited)",
				);
				GCC_WARN_64_TO_32_BIT_CONVERSION = YES;
				GCC_WARN_ABOUT_RETURN_TYPE = YES_ERROR;
				GCC_WARN_UNDECLARED_SELECTOR = YES;
				GCC_WARN_UNINITIALIZED_AUTOS = YES_AGGRESSIVE;
				GCC_WARN_UNUSED_FUNCTION = YES;
				GCC_WARN_UNUSED_VARIABLE = YES;
				IPHONEOS_DEPLOYMENT_TARGET = 14.4;
				MTL_ENABLE_DEBUG_INFO = INCLUDE_SOURCE;
				MTL_FAST_MATH = YES;
				ONLY_ACTIVE_ARCH = YES;
				SDKROOT = iphoneos;
				SWIFT_ACTIVE_COMPILATION_CONDITIONS = DEBUG;
				SWIFT_OPTIMIZATION_LEVEL = "-Onone";
			};
			name = Debug;
		};
		FE4F24EF25FBA24600C38F59 /* Release */ = {
			isa = XCBuildConfiguration;
			buildSettings = {
				ALWAYS_SEARCH_USER_PATHS = NO;
				CLANG_ANALYZER_NONNULL = YES;
				CLANG_ANALYZER_NUMBER_OBJECT_CONVERSION = YES_AGGRESSIVE;
				CLANG_CXX_LANGUAGE_STANDARD = "gnu++14";
				CLANG_CXX_LIBRARY = "libc++";
				CLANG_ENABLE_MODULES = YES;
				CLANG_ENABLE_OBJC_ARC = YES;
				CLANG_ENABLE_OBJC_WEAK = YES;
				CLANG_WARN_BLOCK_CAPTURE_AUTORELEASING = YES;
				CLANG_WARN_BOOL_CONVERSION = YES;
				CLANG_WARN_COMMA = YES;
				CLANG_WARN_CONSTANT_CONVERSION = YES;
				CLANG_WARN_DEPRECATED_OBJC_IMPLEMENTATIONS = YES;
				CLANG_WARN_DIRECT_OBJC_ISA_USAGE = YES_ERROR;
				CLANG_WARN_DOCUMENTATION_COMMENTS = YES;
				CLANG_WARN_EMPTY_BODY = YES;
				CLANG_WARN_ENUM_CONVERSION = YES;
				CLANG_WARN_INFINITE_RECURSION = YES;
				CLANG_WARN_INT_CONVERSION = YES;
				CLANG_WARN_NON_LITERAL_NULL_CONVERSION = YES;
				CLANG_WARN_OBJC_IMPLICIT_RETAIN_SELF = YES;
				CLANG_WARN_OBJC_LITERAL_CONVERSION = YES;
				CLANG_WARN_OBJC_ROOT_CLASS = YES_ERROR;
				CLANG_WARN_QUOTED_INCLUDE_IN_FRAMEWORK_HEADER = YES;
				CLANG_WARN_RANGE_LOOP_ANALYSIS = YES;
				CLANG_WARN_STRICT_PROTOTYPES = YES;
				CLANG_WARN_SUSPICIOUS_MOVE = YES;
				CLANG_WARN_UNGUARDED_AVAILABILITY = YES_AGGRESSIVE;
				CLANG_WARN_UNREACHABLE_CODE = YES;
				CLANG_WARN__DUPLICATE_METHOD_MATCH = YES;
				COPY_PHASE_STRIP = NO;
				DEBUG_INFORMATION_FORMAT = "dwarf-with-dsym";
				ENABLE_NS_ASSERTIONS = NO;
				ENABLE_STRICT_OBJC_MSGSEND = YES;
				GCC_C_LANGUAGE_STANDARD = gnu11;
				GCC_NO_COMMON_BLOCKS = YES;
				GCC_WARN_64_TO_32_BIT_CONVERSION = YES;
				GCC_WARN_ABOUT_RETURN_TYPE = YES_ERROR;
				GCC_WARN_UNDECLARED_SELECTOR = YES;
				GCC_WARN_UNINITIALIZED_AUTOS = YES_AGGRESSIVE;
				GCC_WARN_UNUSED_FUNCTION = YES;
				GCC_WARN_UNUSED_VARIABLE = YES;
				IPHONEOS_DEPLOYMENT_TARGET = 14.4;
				MTL_ENABLE_DEBUG_INFO = NO;
				MTL_FAST_MATH = YES;
				SDKROOT = iphoneos;
				SWIFT_COMPILATION_MODE = wholemodule;
				SWIFT_OPTIMIZATION_LEVEL = "-O";
				VALIDATE_PRODUCT = YES;
			};
			name = Release;
		};
		FE4F24F125FBA24600C38F59 /* Debug */ = {
			isa = XCBuildConfiguration;
			buildSettings = {
				ASSETCATALOG_COMPILER_APPICON_NAME = AppIcon;
				ASSETCATALOG_COMPILER_GLOBAL_ACCENT_COLOR_NAME = AccentColor;
				CODE_SIGN_STYLE = Automatic;
				DEVELOPMENT_TEAM = GKYWUUC7YW;
				INFOPLIST_FILE = MidTerm/Info.plist;
				LD_RUNPATH_SEARCH_PATHS = (
					"$(inherited)",
					"@executable_path/Frameworks",
				);
				PRODUCT_BUNDLE_IDENTIFIER = com.company.MidTerm;
				PRODUCT_NAME = "$(TARGET_NAME)";
				SWIFT_VERSION = 5.0;
				TARGETED_DEVICE_FAMILY = "1,2";
			};
			name = Debug;
		};
		FE4F24F225FBA24600C38F59 /* Release */ = {
			isa = XCBuildConfiguration;
			buildSettings = {
				ASSETCATALOG_COMPILER_APPICON_NAME = AppIcon;
				ASSETCATALOG_COMPILER_GLOBAL_ACCENT_COLOR_NAME = AccentColor;
				CODE_SIGN_STYLE = Automatic;
				DEVELOPMENT_TEAM = GKYWUUC7YW;
				INFOPLIST_FILE = MidTerm/Info.plist;
				LD_RUNPATH_SEARCH_PATHS = (
					"$(inherited)",
					"@executable_path/Frameworks",
				);
				PRODUCT_BUNDLE_IDENTIFIER = com.company.MidTerm;
				PRODUCT_NAME = "$(TARGET_NAME)";
				SWIFT_VERSION = 5.0;
				TARGETED_DEVICE_FAMILY = "1,2";
			};
			name = Release;
		};
/* End XCBuildConfiguration section */

/* Begin XCConfigurationList section */
		FE4F24D725FBA24500C38F59 /* Build configuration list for PBXProject "MidTerm" */ = {
			isa = XCConfigurationList;
			buildConfigurations = (
				FE4F24EE25FBA24600C38F59 /* Debug */,
				FE4F24EF25FBA24600C38F59 /* Release */,
			);
			defaultConfigurationIsVisible = 0;
			defaultConfigurationName = Release;
		};
		FE4F24F025FBA24600C38F59 /* Build configuration list for PBXNativeTarget "MidTerm" */ = {
			isa = XCConfigurationList;
			buildConfigurations = (
				FE4F24F125FBA24600C38F59 /* Debug */,
				FE4F24F225FBA24600C38F59 /* Release */,
			);
			defaultConfigurationIsVisible = 0;
			defaultConfigurationName = Release;
		};
/* End XCConfigurationList section */
	};
	rootObject = FE4F24D425FBA24500C38F59 /* Project object */;
}
